// !$*UTF8*$!
{
	archiveVersion = 1;
	classes = {
	};
	objectVersion = 77;
	objects = {

/* Begin PBXBuildFile section */
		3C44A7172FDA8FCE00E5EA04 /* KodaiCore in Frameworks */ = {isa = PBXBuildFile; productRef = 3C44A7162FDA8FCE00E5EA04 /* KodaiCore */; };
/* End PBXBuildFile section */

/* Begin PBXContainerItemProxy section */
		3CB1232F2FD7EFA70085A424 /* PBXContainerItemProxy */ = {
			isa = PBXContainerItemProxy;
			containerPortal = 3CB123172FD7EFA60085A424 /* Project object */;
			proxyType = 1;
			remoteGlobalIDString = 3CB1231E2FD7EFA60085A424;
			remoteInfo = kodai_macos;
		};
		3CB123392FD7EFA70085A424 /* PBXContainerItemProxy */ = {
			isa = PBXContainerItemProxy;
			containerPortal = 3CB123172FD7EFA60085A424 /* Project object */;
			proxyType = 1;
			remoteGlobalIDString = 3CB1231E2FD7EFA60085A424;
			remoteInfo = kodai_macos;
		};
/* End PBXContainerItemProxy section */

/* Begin PBXFileReference section */
		3CB1231F2FD7EFA60085A424 /* kodai_macos.app */ = {isa = PBXFileReference; explicitFileType = wrapper.application; includeInIndex = 0; path = kodai_macos.app; sourceTree = BUILT_PRODUCTS_DIR; };
		3CB1232E2FD7EFA70085A424 /* kodai_macosTests.xctest */ = {isa = PBXFileReference; explicitFileType = wrapper.cfbundle; includeInIndex = 0; path = kodai_macosTests.xctest; sourceTree = BUILT_PRODUCTS_DIR; };
		3CB123382FD7EFA70085A424 /* kodai_macosUITests.xctest */ = {isa = PBXFileReference; explicitFileType = wrapper.cfbundle; includeInIndex = 0; path = kodai_macosUITests.xctest; sourceTree = BUILT_PRODUCTS_DIR; };
/* End PBXFileReference section */

/* Begin PBXFileSystemSynchronizedRootGroup section */
		3CB123212FD7EFA60085A424 /* kodai_macos */ = {
			isa = PBXFileSystemSynchronizedRootGroup;
			path = kodai_macos;
			sourceTree = "<group>";
		};
		3CB123312FD7EFA70085A424 /* kodai_macosTests */ = {
			isa = PBXFileSystemSynchronizedRootGroup;
			path = kodai_macosTests;
			sourceTree = "<group>";
		};
		3CB1233B2FD7EFA70085A424 /* kodai_macosUITests */ = {
			isa = PBXFileSystemSynchronizedRootGroup;
			path = kodai_macosUITests;
			sourceTree = "<group>";
		};
/* End PBXFileSystemSynchronizedRootGroup section */

/* Begin PBXFrameworksBuildPhase section */
		3CB1231C2FD7EFA60085A424 /* Frameworks */ = {
			isa = PBXFrameworksBuildPhase;
			buildActionMask = 2147483647;
			files = (
				3C44A7172FDA8FCE00E5EA04 /* KodaiCore in Frameworks */,
			);
			runOnlyForDeploymentPostprocessing = 0;
		};
		3CB1232B2FD7EFA70085A424 /* Frameworks */ = {
			isa = PBXFrameworksBuildPhase;
			buildActionMask = 2147483647;
			files = (
			);
			runOnlyForDeploymentPostprocessing = 0;
		};
		3CB123352FD7EFA70085A424 /* Frameworks */ = {
			isa = PBXFrameworksBuildPhase;
			buildActionMask = 2147483647;
			files = (
			);
			runOnlyForDeploymentPostprocessing = 0;
		};
/* End PBXFrameworksBuildPhase section */

/* Begin PBXGroup section */
		3CB123162FD7EFA60085A424 = {
			isa = PBXGroup;
			children = (
				3CB123212FD7EFA60085A424 /* kodai_macos */,
				3CB123312FD7EFA70085A424 /* kodai_macosTests */,
				3CB1233B2FD7EFA70085A424 /* kodai_macosUITests */,
				3CB123202FD7EFA60085A424 /* Products */,
			);
			sourceTree = "<group>";
		};
		3CB123202FD7EFA60085A424 /* Products */ = {
			isa = PBXGroup;
			children = (
				3CB1231F2FD7EFA60085A424 /* kodai_macos.app */,
				3CB1232E2FD7EFA70085A424 /* kodai_macosTests.xctest */,
				3CB123382FD7EFA70085A424 /* kodai_macosUITests.xctest */,
			);
			name = Products;
			sourceTree = "<group>";
		};
/* End PBXGroup section */

/* Begin PBXNativeTarget section */
		3CB1231E2FD7EFA60085A424 /* kodai_macos */ = {
			isa = PBXNativeTarget;
			buildConfigurationList = 3CB123422FD7EFA70085A424 /* Build configuration list for PBXNativeTarget "kodai_macos" */;
			buildPhases = (
				3CB1231B2FD7EFA60085A424 /* Sources */,
				3CB1231C2FD7EFA60085A424 /* Frameworks */,
				3CB1231D2FD7EFA60085A424 /* Resources */,
			);
			buildRules = (
			);
			dependencies = (
			);
			fileSystemSynchronizedGroups = (
				3CB123212FD7EFA60085A424 /* kodai_macos */,
			);
			name = kodai_macos;
			packageProductDependencies = (
				3C44A7162FDA8FCE00E5EA04 /* KodaiCore */,
			);
			productName = kodai_macos;
			productReference = 3CB1231F2FD7EFA60085A424 /* kodai_macos.app */;
			productType = "com.apple.product-type.application";
		};
		3CB1232D2FD7EFA70085A424 /* kodai_macosTests */ = {
			isa = PBXNativeTarget;
			buildConfigurationList = 3CB123452FD7EFA70085A424 /* Build configuration list for PBXNativeTarget "kodai_macosTests" */;
			buildPhases = (
				3CB1232A2FD7EFA70085A424 /* Sources */,
				3CB1232B2FD7EFA70085A424 /* Frameworks */,
				3CB1232C2FD7EFA70085A424 /* Resources */,
			);
			buildRules = (
			);
			dependencies = (
				3CB123302FD7EFA70085A424 /* PBXTargetDependency */,
			);
			fileSystemSynchronizedGroups = (
				3CB123312FD7EFA70085A424 /* kodai_macosTests */,
			);
			name = kodai_macosTests;
			packageProductDependencies = (
			);
			productName = kodai_macosTests;
			productReference = 3CB1232E2FD7EFA70085A424 /* kodai_macosTests.xctest */;
			productType = "com.apple.product-type.bundle.unit-test";
		};
		3CB123372FD7EFA70085A424 /* kodai_macosUITests */ = {
			isa = PBXNativeTarget;
			buildConfigurationList = 3CB123482FD7EFA70085A424 /* Build configuration list for PBXNativeTarget "kodai_macosUITests" */;
			buildPhases = (
				3CB123342FD7EFA70085A424 /* Sources */,
				3CB123352FD7EFA70085A424 /* Frameworks */,
				3CB123362FD7EFA70085A424 /* Resources */,
			);
			buildRules = (
			);
			dependencies = (
				3CB1233A2FD7EFA70085A424 /* PBXTargetDependency */,
			);
			fileSystemSynchronizedGroups = (
				3CB1233B2FD7EFA70085A424 /* kodai_macosUITests */,
			);
			name = kodai_macosUITests;
			packageProductDependencies = (
			);
			productName = kodai_macosUITests;
			productReference = 3CB123382FD7EFA70085A424 /* kodai_macosUITests.xctest */;
			productType = "com.apple.product-type.bundle.ui-testing";
		};
/* End PBXNativeTarget section */

/* Begin PBXProject section */
		3CB123172FD7EFA60085A424 /* Project object */ = {
			isa = PBXProject;
			attributes = {
				BuildIndependentTargetsInParallel = 1;
				LastSwiftUpdateCheck = 2640;
				LastUpgradeCheck = 2640;
				TargetAttributes = {
					3CB1231E2FD7EFA60085A424 = {
						CreatedOnToolsVersion = 26.4.1;
					};
					3CB1232D2FD7EFA70085A424 = {
						CreatedOnToolsVersion = 26.4.1;
						TestTargetID = 3CB1231E2FD7EFA60085A424;
					};
					3CB123372FD7EFA70085A424 = {
						CreatedOnToolsVersion = 26.4.1;
						TestTargetID = 3CB1231E2FD7EFA60085A424;
					};
				};
			};
			buildConfigurationList = 3CB1231A2FD7EFA60085A424 /* Build configuration list for PBXProject "kodai_macos" */;
			developmentRegion = en;
			hasScannedForEncodings = 0;
			knownRegions = (
				en,
				Base,
			);
			mainGroup = 3CB123162FD7EFA60085A424;
			minimizedProjectReferenceProxies = 1;
			packageReferences = (
				3C44A7152FDA8FCE00E5EA04 /* XCLocalSwiftPackageReference "KodaiCore" */,
			);
			preferredProjectObjectVersion = 77;
			productRefGroup = 3CB123202FD7EFA60085A424 /* Products */;
			projectDirPath = "";
			projectRoot = "";
			targets = (
				3CB1231E2FD7EFA60085A424 /* kodai_macos */,
				3CB1232D2FD7EFA70085A424 /* kodai_macosTests */,
				3CB123372FD7EFA70085A424 /* kodai_macosUITests */,
			);
		};
/* End PBXProject section */

/* Begin PBXResourcesBuildPhase section */
		3CB1231D2FD7EFA60085A424 /* Resources */ = {
			isa = PBXResourcesBuildPhase;
			buildActionMask = 2147483647;
			files = (
			);
			runOnlyForDeploymentPostprocessing = 0;
		};
		3CB1232C2FD7EFA70085A424 /* Resources */ = {
			isa = PBXResourcesBuildPhase;
			buildActionMask = 2147483647;
			files = (
			);
			runOnlyForDeploymentPostprocessing = 0;
		};
		3CB123362FD7EFA70085A424 /* Resources */ = {
			isa = PBXResourcesBuildPhase;
			buildActionMask = 2147483647;
			files = (
			);
			runOnlyForDeploymentPostprocessing = 0;
		};
/* End PBXResourcesBuildPhase section */

/* Begin PBXSourcesBuildPhase section */
		3CB1231B2FD7EFA60085A424 /* Sources */ = {
			isa = PBXSourcesBuildPhase;
			buildActionMask = 2147483647;
			files = (
			);
			runOnlyForDeploymentPostprocessing = 0;
		};
		3CB1232A2FD7EFA70085A424 /* Sources */ = {
			isa = PBXSourcesBuildPhase;
			buildActionMask = 2147483647;
			files = (
			);
			runOnlyForDeploymentPostprocessing = 0;
		};
		3CB123342FD7EFA70085A424 /* Sources */ = {
			isa = PBXSourcesBuildPhase;
			buildActionMask = 2147483647;
			files = (
			);
			runOnlyForDeploymentPostprocessing = 0;
		};
/* End PBXSourcesBuildPhase section */

/* Begin PBXTargetDependency section */
		3CB123302FD7EFA70085A424 /* PBXTargetDependency */ = {
			isa = PBXTargetDependency;
			target = 3CB1231E2FD7EFA60085A424 /* kodai_macos */;
			targetProxy = 3CB1232F2FD7EFA70085A424 /* PBXContainerItemProxy */;
		};
		3CB1233A2FD7EFA70085A424 /* PBXTargetDependency */ = {
			isa = PBXTargetDependency;
			target = 3CB1231E2FD7EFA60085A424 /* kodai_macos */;
			targetProxy = 3CB123392FD7EFA70085A424 /* PBXContainerItemProxy */;
		};
/* End PBXTargetDependency section */

/* Begin XCBuildConfiguration section */
		3CB123402FD7EFA70085A424 /* Debug */ = {
			isa = XCBuildConfiguration;
			buildSettings = {
				ALWAYS_SEARCH_USER_PATHS = NO;
				ASSETCATALOG_COMPILER_GENERATE_SWIFT_ASSET_SYMBOL_EXTENSIONS = YES;
				CLANG_ANALYZER_NONNULL = YES;
				CLANG_ANALYZER_NUMBER_OBJECT_CONVERSION = YES_AGGRESSIVE;
				CLANG_CXX_LANGUAGE_STANDARD = "gnu++20";
				CLANG_ENABLE_MODULES = YES;
				CLANG_ENABLE_OBJC_ARC = YES;
				CLANG_ENABLE_OBJC_WEAK = YES;
				CLANG_WARN_BLOCK_CAPTURE_AUTORELEASING = YES;
				CLANG_WARN_BOOL_CONVERSION = YES;
				CLANG_WARN_COMMA = YES;
				CLANG_WARN_CONSTANT_CONVERSION = YES;
				CLANG_WARN_DEPRECATED_OBJC_IMPLEMENTATIONS = YES;
				CLANG_WARN_DIRECT_OBJC_ISA_USAGE = YES_ERROR;
				CLANG_WARN_DOCUMENTATION_COMMENTS = YES;
				CLANG_WARN_EMPTY_BODY = YES;
				CLANG_WARN_ENUM_CONVERSION = YES;
				CLANG_WARN_INFINITE_RECURSION = YES;
				CLANG_WARN_INT_CONVERSION = YES;
				CLANG_WARN_NON_LITERAL_NULL_CONVERSION = YES;
				CLANG_WARN_OBJC_IMPLICIT_RETAIN_SELF = YES;
				CLANG_WARN_OBJC_LITERAL_CONVERSION = YES;
				CLANG_WARN_OBJC_ROOT_CLASS = YES_ERROR;
				CLANG_WARN_QUOTED_INCLUDE_IN_FRAMEWORK_HEADER = YES;
				CLANG_WARN_RANGE_LOOP_ANALYSIS = YES;
				CLANG_WARN_STRICT_PROTOTYPES = YES;
				CLANG_WARN_SUSPICIOUS_MOVE = YES;
				CLANG_WARN_UNGUARDED_AVAILABILITY = YES_AGGRESSIVE;
				CLANG_WARN_UNREACHABLE_CODE = YES;
				CLANG_WARN__DUPLICATE_METHOD_MATCH = YES;
				COPY_PHASE_STRIP = NO;
				DEBUG_INFORMATION_FORMAT = dwarf;
				DEVELOPMENT_TEAM = 8DYF4R2M73;
				ENABLE_STRICT_OBJC_MSGSEND = YES;
				ENABLE_TESTABILITY = YES;
				ENABLE_USER_SCRIPT_SANDBOXING = YES;
				GCC_C_LANGUAGE_STANDARD = gnu17;
				GCC_DYNAMIC_NO_PIC = NO;
				GCC_NO_COMMON_BLOCKS = YES;
				GCC_OPTIMIZATION_LEVEL = 0;
				GCC_PREPROCESSOR_DEFINITIONS = (
					"DEBUG=1",
					"$(inherited)",
				);
				GCC_WARN_64_TO_32_BIT_CONVERSION = YES;
				GCC_WARN_ABOUT_RETURN_TYPE = YES_ERROR;
				GCC_WARN_UNDECLARED_SELECTOR = YES;
				GCC_WARN_UNINITIALIZED_AUTOS = YES_AGGRESSIVE;
				GCC_WARN_UNUSED_FUNCTION = YES;
				GCC_WARN_UNUSED_VARIABLE = YES;
				LOCALIZATION_PREFERS_STRING_CATALOGS = YES;
				MACOSX_DEPLOYMENT_TARGET = 26.4;
				MTL_ENABLE_DEBUG_INFO = INCLUDE_SOURCE;
				MTL_FAST_MATH = YES;
				ONLY_ACTIVE_ARCH = YES;
				SDKROOT = macosx;
				SWIFT_ACTIVE_COMPILATION_CONDITIONS = "DEBUG $(inherited)";
				SWIFT_OPTIMIZATION_LEVEL = "-Onone";
			};
			name = Debug;
		};
		3CB123412FD7EFA70085A424 /* Release */ = {
			isa = XCBuildConfiguration;
			buildSettings = {
				ALWAYS_SEARCH_USER_PATHS = NO;
				ASSETCATALOG_COMPILER_GENERATE_SWIFT_ASSET_SYMBOL_EXTENSIONS = YES;
				CLANG_ANALYZER_NONNULL = YES;
				CLANG_ANALYZER_NUMBER_OBJECT_CONVERSION = YES_AGGRESSIVE;
				CLANG_CXX_LANGUAGE_STANDARD = "gnu++20";
				CLANG_ENABLE_MODULES = YES;
				CLANG_ENABLE_OBJC_ARC = YES;
				CLANG_ENABLE_OBJC_WEAK = YES;
				CLANG_WARN_BLOCK_CAPTURE_AUTORELEASING = YES;
				CLANG_WARN_BOOL_CONVERSION = YES;
				CLANG_WARN_COMMA = YES;
				CLANG_WARN_CONSTANT_CONVERSION = YES;
				CLANG_WARN_DEPRECATED_OBJC_IMPLEMENTATIONS = YES;
				CLANG_WARN_DIRECT_OBJC_ISA_USAGE = YES_ERROR;
				CLANG_WARN_DOCUMENTATION_COMMENTS = YES;
				CLANG_WARN_EMPTY_BODY = YES;
				CLANG_WARN_ENUM_CONVERSION = YES;
				CLANG_WARN_INFINITE_RECURSION = YES;
				CLANG_WARN_INT_CONVERSION = YES;
				CLANG_WARN_NON_LITERAL_NULL_CONVERSION = YES;
				CLANG_WARN_OBJC_IMPLICIT_RETAIN_SELF = YES;
				CLANG_WARN_OBJC_LITERAL_CONVERSION = YES;
				CLANG_WARN_OBJC_ROOT_CLASS = YES_ERROR;
				CLANG_WARN_QUOTED_INCLUDE_IN_FRAMEWORK_HEADER = YES;
				CLANG_WARN_RANGE_LOOP_ANALYSIS = YES;
				CLANG_WARN_STRICT_PROTOTYPES = YES;
				CLANG_WARN_SUSPICIOUS_MOVE = YES;
				CLANG_WARN_UNGUARDED_AVAILABILITY = YES_AGGRESSIVE;
				CLANG_WARN_UNREACHABLE_CODE = YES;
				CLANG_WARN__DUPLICATE_METHOD_MATCH = YES;
				COPY_PHASE_STRIP = NO;
				DEBUG_INFORMATION_FORMAT = "dwarf-with-dsym";
				DEVELOPMENT_TEAM = 8DYF4R2M73;
				ENABLE_NS_ASSERTIONS = NO;
				ENABLE_STRICT_OBJC_MSGSEND = YES;
				ENABLE_USER_SCRIPT_SANDBOXING = YES;
				GCC_C_LANGUAGE_STANDARD = gnu17;
				GCC_NO_COMMON_BLOCKS = YES;
				GCC_WARN_64_TO_32_BIT_CONVERSION = YES;
				GCC_WARN_ABOUT_RETURN_TYPE = YES_ERROR;
				GCC_WARN_UNDECLARED_SELECTOR = YES;
				GCC_WARN_UNINITIALIZED_AUTOS = YES_AGGRESSIVE;
				GCC_WARN_UNUSED_FUNCTION = YES;
				GCC_WARN_UNUSED_VARIABLE = YES;
				LOCALIZATION_PREFERS_STRING_CATALOGS = YES;
				MACOSX_DEPLOYMENT_TARGET = 26.4;
				MTL_ENABLE_DEBUG_INFO = NO;
				MTL_FAST_MATH = YES;
				SDKROOT = macosx;
				SWIFT_COMPILATION_MODE = wholemodule;
			};
			name = Release;
		};
		3CB123432FD7EFA70085A424 /* Debug */ = {
			isa = XCBuildConfiguration;
			buildSettings = {
				ASSETCATALOG_COMPILER_APPICON_NAME = AppIcon;
				ASSETCATALOG_COMPILER_GLOBAL_ACCENT_COLOR_NAME = AccentColor;
				CODE_SIGN_STYLE = Automatic;
				COMBINE_HIDPI_IMAGES = YES;
				CURRENT_PROJECT_VERSION = 1;
				DEVELOPMENT_TEAM = 8DYF4R2M73;
				ENABLE_APP_SANDBOX = YES;
				ENABLE_HARDENED_RUNTIME = YES;
				ENABLE_PREVIEWS = YES;
				ENABLE_USER_SELECTED_FILES = readonly;
				GENERATE_INFOPLIST_FILE = YES;
				INFOPLIST_KEY_NSHumanReadableCopyright = "";
				LD_RUNPATH_SEARCH_PATHS = (
					"$(inherited)",
					"@executable_path/../Frameworks",
				);
				MARKETING_VERSION = 1.0;
				PRODUCT_BUNDLE_IDENTIFIER = "ctxa.kodai-macos";
				PRODUCT_NAME = "$(TARGET_NAME)";
				REGISTER_APP_GROUPS = YES;
				STRING_CATALOG_GENERATE_SYMBOLS = YES;
				SWIFT_APPROACHABLE_CONCURRENCY = YES;
				SWIFT_DEFAULT_ACTOR_ISOLATION = MainActor;
				SWIFT_EMIT_LOC_STRINGS = YES;
				SWIFT_UPCOMING_FEATURE_MEMBER_IMPORT_VISIBILITY = YES;
				SWIFT_VERSION = 5.0;
			};
			name = Debug;
		};
		3CB123442FD7EFA70085A424 /* Release */ = {
			isa = XCBuildConfiguration;
			buildSettings = {
				ASSETCATALOG_COMPILER_APPICON_NAME = AppIcon;
				ASSETCATALOG_COMPILER_GLOBAL_ACCENT_COLOR_NAME = AccentColor;
				CODE_SIGN_STYLE = Automatic;
				COMBINE_HIDPI_IMAGES = YES;
				CURRENT_PROJECT_VERSION = 1;
				DEVELOPMENT_TEAM = 8DYF4R2M73;
				ENABLE_APP_SANDBOX = YES;
				ENABLE_HARDENED_RUNTIME = YES;
				ENABLE_PREVIEWS = YES;
				ENABLE_USER_SELECTED_FILES = readonly;
				GENERATE_INFOPLIST_FILE = YES;
				INFOPLIST_KEY_NSHumanReadableCopyright = "";
				LD_RUNPATH_SEARCH_PATHS = (
					"$(inherited)",
					"@executable_path/../Frameworks",
				);
				MARKETING_VERSION = 1.0;
				PRODUCT_BUNDLE_IDENTIFIER = "ctxa.kodai-macos";
				PRODUCT_NAME = "$(TARGET_NAME)";
				REGISTER_APP_GROUPS = YES;
				STRING_CATALOG_GENERATE_SYMBOLS = YES;
				SWIFT_APPROACHABLE_CONCURRENCY = YES;
				SWIFT_DEFAULT_ACTOR_ISOLATION = MainActor;
				SWIFT_EMIT_LOC_STRINGS = YES;
				SWIFT_UPCOMING_FEATURE_MEMBER_IMPORT_VISIBILITY = YES;
				SWIFT_VERSION = 5.0;
			};
			name = Release;
		};
		3CB123462FD7EFA70085A424 /* Debug */ = {
			isa = XCBuildConfiguration;
			buildSettings = {
				BUNDLE_LOADER = "$(TEST_HOST)";
				CODE_SIGN_STYLE = Automatic;
				CURRENT_PROJECT_VERSION = 1;
				DEVELOPMENT_TEAM = 8DYF4R2M73;
				GENERATE_INFOPLIST_FILE = YES;
				MACOSX_DEPLOYMENT_TARGET = 26.4;
				MARKETING_VERSION = 1.0;
				PRODUCT_BUNDLE_IDENTIFIER = "ctxa.kodai-macosTests";
				PRODUCT_NAME = "$(TARGET_NAME)";
				STRING_CATALOG_GENERATE_SYMBOLS = NO;
				SWIFT_APPROACHABLE_CONCURRENCY = YES;
				SWIFT_EMIT_LOC_STRINGS = NO;
				SWIFT_UPCOMING_FEATURE_MEMBER_IMPORT_VISIBILITY = YES;
				SWIFT_VERSION = 5.0;
				TEST_HOST = "$(BUILT_PRODUCTS_DIR)/kodai_macos.app/$(BUNDLE_EXECUTABLE_FOLDER_PATH)/kodai_macos";
			};
			name = Debug;
		};
		3CB123472FD7EFA70085A424 /* Release */ = {
			isa = XCBuildConfiguration;
			buildSettings = {
				BUNDLE_LOADER = "$(TEST_HOST)";
				CODE_SIGN_STYLE = Automatic;
				CURRENT_PROJECT_VERSION = 1;
				DEVELOPMENT_TEAM = 8DYF4R2M73;
				GENERATE_INFOPLIST_FILE = YES;
				MACOSX_DEPLOYMENT_TARGET = 26.4;
				MARKETING_VERSION = 1.0;
				PRODUCT_BUNDLE_IDENTIFIER = "ctxa.kodai-macosTests";
				PRODUCT_NAME = "$(TARGET_NAME)";
				STRING_CATALOG_GENERATE_SYMBOLS = NO;
				SWIFT_APPROACHABLE_CONCURRENCY = YES;
				SWIFT_EMIT_LOC_STRINGS = NO;
				SWIFT_UPCOMING_FEATURE_MEMBER_IMPORT_VISIBILITY = YES;
				SWIFT_VERSION = 5.0;
				TEST_HOST = "$(BUILT_PRODUCTS_DIR)/kodai_macos.app/$(BUNDLE_EXECUTABLE_FOLDER_PATH)/kodai_macos";
			};
			name = Release;
		};
		3CB123492FD7EFA70085A424 /* Debug */ = {
			isa = XCBuildConfiguration;
			buildSettings = {
				CODE_SIGN_STYLE = Automatic;
				CURRENT_PROJECT_VERSION = 1;
				DEVELOPMENT_TEAM = 8DYF4R2M73;
				GENERATE_INFOPLIST_FILE = YES;
				MARKETING_VERSION = 1.0;
				PRODUCT_BUNDLE_IDENTIFIER = "ctxa.kodai-macosUITests";
				PRODUCT_NAME = "$(TARGET_NAME)";
				STRING_CATALOG_GENERATE_SYMBOLS = NO;
				SWIFT_APPROACHABLE_CONCURRENCY = YES;
				SWIFT_EMIT_LOC_STRINGS = NO;
				SWIFT_UPCOMING_FEATURE_MEMBER_IMPORT_VISIBILITY = YES;
				SWIFT_VERSION = 5.0;
				TEST_TARGET_NAME = kodai_macos;
			};
			name = Debug;
		};
		3CB1234A2FD7EFA70085A424 /* Release */ = {
			isa = XCBuildConfiguration;
			buildSettings = {
				CODE_SIGN_STYLE = Automatic;
				CURRENT_PROJECT_VERSION = 1;
				DEVELOPMENT_TEAM = 8DYF4R2M73;
				GENERATE_INFOPLIST_FILE = YES;
				MARKETING_VERSION = 1.0;
				PRODUCT_BUNDLE_IDENTIFIER = "ctxa.kodai-macosUITests";
				PRODUCT_NAME = "$(TARGET_NAME)";
				STRING_CATALOG_GENERATE_SYMBOLS = NO;
				SWIFT_APPROACHABLE_CONCURRENCY = YES;
				SWIFT_EMIT_LOC_STRINGS = NO;
				SWIFT_UPCOMING_FEATURE_MEMBER_IMPORT_VISIBILITY = YES;
				SWIFT_VERSION = 5.0;
				TEST_TARGET_NAME = kodai_macos;
			};
			name = Release;
		};
/* End XCBuildConfiguration section */

/* Begin XCConfigurationList section */
		3CB1231A2FD7EFA60085A424 /* Build configuration list for PBXProject "kodai_macos" */ = {
			isa = XCConfigurationList;
			buildConfigurations = (
				3CB123402FD7EFA70085A424 /* Debug */,
				3CB123412FD7EFA70085A424 /* Release */,
			);
			defaultConfigurationIsVisible = 0;
			defaultConfigurationName = Release;
		};
		3CB123422FD7EFA70085A424 /* Build configuration list for PBXNativeTarget "kodai_macos" */ = {
			isa = XCConfigurationList;
			buildConfigurations = (
				3CB123432FD7EFA70085A424 /* Debug */,
				3CB123442FD7EFA70085A424 /* Release */,
			);
			defaultConfigurationIsVisible = 0;
			defaultConfigurationName = Release;
		};
		3CB123452FD7EFA70085A424 /* Build configuration list for PBXNativeTarget "kodai_macosTests" */ = {
			isa = XCConfigurationList;
			buildConfigurations = (
				3CB123462FD7EFA70085A424 /* Debug */,
				3CB123472FD7EFA70085A424 /* Release */,
			);
			defaultConfigurationIsVisible = 0;
			defaultConfigurationName = Release;
		};
		3CB123482FD7EFA70085A424 /* Build configuration list for PBXNativeTarget "kodai_macosUITests" */ = {
			isa = XCConfigurationList;
			buildConfigurations = (
				3CB123492FD7EFA70085A424 /* Debug */,
				3CB1234A2FD7EFA70085A424 /* Release */,
			);
			defaultConfigurationIsVisible = 0;
			defaultConfigurationName = Release;
		};
/* End XCConfigurationList section */

/* Begin XCLocalSwiftPackageReference section */
		3C44A7152FDA8FCE00E5EA04 /* XCLocalSwiftPackageReference "KodaiCore" */ = {
			isa = XCLocalSwiftPackageReference;
			relativePath = KodaiCore;
		};
/* End XCLocalSwiftPackageReference section */

/* Begin XCSwiftPackageProductDependency section */
		3C44A7162FDA8FCE00E5EA04 /* KodaiCore */ = {
			isa = XCSwiftPackageProductDependency;
			productName = KodaiCore;
		};
/* End XCSwiftPackageProductDependency section */
	};
	rootObject = 3CB123172FD7EFA60085A424 /* Project object */;
}
